
Microsoft Visual Studio Solution File, Format Version 12.00
# Visual Studio 15
VisualStudioVersion = 15.0.27703.2026
MinimumVisualStudioVersion = 10.0.40219.1
Project("{FAE04EC0-301F-11D3-BF4B-00C04F79EFBC}") = "wahsgyjwfasdhgsfdts", "wahsgyjwfasdhgsfdts\wahsgyjwfasdhgsfdts.csproj", "{DA45DA93-CE37-4E9A-9CBA-3F36314FE3F6}"
EndProject
Global
	GlobalSection(SolutionConfigurationPlatforms) = preSolution
		Debug|Any CPU = Debug|Any CPU
		Release|Any CPU = Release|Any CPU
	EndGlobalSection
	GlobalSection(ProjectConfigurationPlatforms) = postSolution
		{DA45DA93-CE37-4E9A-9CBA-3F36314FE3F6}.Debug|Any CPU.ActiveCfg = Debug|Any CPU
		{DA45DA93-CE37-4E9A-9CBA-3F36314FE3F6}.Debug|Any CPU.Build.0 = Debug|Any CPU
		{DA45DA93-CE37-4E9A-9CBA-3F36314FE3F6}.Release|Any CPU.ActiveCfg = Release|Any CPU
		{DA45DA93-CE37-4E9A-9CBA-3F36314FE3F6}.Release|Any CPU.Build.0 = Release|Any CPU
	EndGlobalSection
	GlobalSection(SolutionProperties) = preSolution
		HideSolutionNode = FALSE
	EndGlobalSection
	GlobalSection(ExtensibilityGlobals) = postSolution
		SolutionGuid = {EBEA27FD-2F66-476F-AACC-8EC362C2F4C2}
	EndGlobalSection
EndGlobal
